
Microsoft Visual Studio Solution File, Format Version 11.00
# Visual Studio 2010
Project("{F184B08F-C81C-45F6-A57F-5ABD9991F28F}") = "myPlayer.LrcReader", "myPlayer.LrcReader\myPlayer.LrcReader.vbproj", "{BBF48878-9BC7-4936-84B2-92EC15E8461D}"
EndProject
Project("{F184B08F-C81C-45F6-A57F-5ABD9991F28F}") = "DST.CharsetChanger", "DST.CharsetChanger\DST.CharsetChanger.vbproj", "{6CB3BA88-FEBC-4F8B-BFC9-B77AFAF4D287}"
EndProject
Project("{F184B08F-C81C-45F6-A57F-5ABD9991F28F}") = "DST.Info", "DST.Info\DST.Info.vbproj", "{A16C701F-5734-42A1-AEAF-6980D1F57F82}"
EndProject
Project("{F184B08F-C81C-45F6-A57F-5ABD9991F28F}") = "DST.CCProcessor", "DST.CCProcessor\DST.CCProcessor.vbproj", "{656F4C69-6791-4BB8-AA2E-3AA4ACCF27BD}"
EndProject
Project("{F184B08F-C81C-45F6-A57F-5ABD9991F28F}") = "DST.Splitter", "DST.Splitter\DST.Splitter.vbproj", "{526532DB-4B1C-48BF-9CFE-2CC7C250CEC6}"
EndProject
Project("{F184B08F-C81C-45F6-A57F-5ABD9991F28F}") = "DST.SrtMigrate", "DST.SrtMigrate\DST.SrtMigrate.vbproj", "{7AD6DA61-7C08-4B55-B606-8B19FDB5F62D}"
EndProject
Project("{F184B08F-C81C-45F6-A57F-5ABD9991F28F}") = "DST.SrtEditor", "DST.SrtEditor\DST.SrtEditor.vbproj", "{1B67DFF9-9CB7-4E3F-992C-ACCAC34A1FD3}"
EndProject
Project("{F184B08F-C81C-45F6-A57F-5ABD9991F28F}") = "Deefun Subtitle Tools", "Deefun Subtitle Tools\Deefun Subtitle Tools.vbproj", "{2A5A13F1-3400-47DB-B664-708663DACE97}"
EndProject
Project("{F184B08F-C81C-45F6-A57F-5ABD9991F28F}") = "DST.Translate2", "DST.Translate2\DST.Translate2.vbproj", "{62C1E76E-82E8-419B-A73F-5D4348BC25CE}"
EndProject
Project("{F184B08F-C81C-45F6-A57F-5ABD9991F28F}") = "DST.TimeAxisMerge", "DST.TimeAxisMerge\DST.TimeAxisMerge.vbproj", "{1BC89367-4EC9-481D-B542-7050700C5588}"
EndProject
Project("{2150E333-8FDC-42A3-9474-1A3956D46DE8}") = "Solution Items", "Solution Items", "{41D68CBB-97C6-4A74-BBED-9F7461BD391D}"
	ProjectSection(SolutionItems) = preProject
		Todo.txt = Todo.txt
	EndProjectSection
EndProject
Project("{6141683F-8A12-4E36-9623-2EB02B2C2303}") = "DST.Installition", "DST.Installition\DST.Installition.isproj", "{8D94F958-7D6E-441F-AE75-6BEE4A8EAC40}"
	ProjectSection(ProjectDependencies) = postProject
		{A16C701F-5734-42A1-AEAF-6980D1F57F82} = {A16C701F-5734-42A1-AEAF-6980D1F57F82}
		{7AD6DA61-7C08-4B55-B606-8B19FDB5F62D} = {7AD6DA61-7C08-4B55-B606-8B19FDB5F62D}
		{1BC89367-4EC9-481D-B542-7050700C5588} = {1BC89367-4EC9-481D-B542-7050700C5588}
		{656F4C69-6791-4BB8-AA2E-3AA4ACCF27BD} = {656F4C69-6791-4BB8-AA2E-3AA4ACCF27BD}
		{62C1E76E-82E8-419B-A73F-5D4348BC25CE} = {62C1E76E-82E8-419B-A73F-5D4348BC25CE}
		{BBF48878-9BC7-4936-84B2-92EC15E8461D} = {BBF48878-9BC7-4936-84B2-92EC15E8461D}
		{6CB3BA88-FEBC-4F8B-BFC9-B77AFAF4D287} = {6CB3BA88-FEBC-4F8B-BFC9-B77AFAF4D287}
		{526532DB-4B1C-48BF-9CFE-2CC7C250CEC6} = {526532DB-4B1C-48BF-9CFE-2CC7C250CEC6}
		{2A5A13F1-3400-47DB-B664-708663DACE97} = {2A5A13F1-3400-47DB-B664-708663DACE97}
		{1B67DFF9-9CB7-4E3F-992C-ACCAC34A1FD3} = {1B67DFF9-9CB7-4E3F-992C-ACCAC34A1FD3}
	EndProjectSection
EndProject
Global
	GlobalSection(SubversionScc) = preSolution
		Svn-Managed = True
		Manager = AnkhSVN - Subversion Support for Visual Studio
	EndGlobalSection
	GlobalSection(SolutionConfigurationPlatforms) = preSolution
		CD_ROM|Any CPU = CD_ROM|Any CPU
		CD_ROM|x86 = CD_ROM|x86
		Debug|Any CPU = Debug|Any CPU
		Debug|x86 = Debug|x86
		DVD-5|Any CPU = DVD-5|Any CPU
		DVD-5|x86 = DVD-5|x86
		Release|Any CPU = Release|Any CPU
		Release|x86 = Release|x86
		SingleImage|Any CPU = SingleImage|Any CPU
		SingleImage|x86 = SingleImage|x86
	EndGlobalSection
	GlobalSection(ProjectConfigurationPlatforms) = postSolution
		{BBF48878-9BC7-4936-84B2-92EC15E8461D}.CD_ROM|Any CPU.ActiveCfg = Release|Any CPU
		{BBF48878-9BC7-4936-84B2-92EC15E8461D}.CD_ROM|Any CPU.Build.0 = Release|Any CPU
		{BBF48878-9BC7-4936-84B2-92EC15E8461D}.CD_ROM|x86.ActiveCfg = Release|Any CPU
		{BBF48878-9BC7-4936-84B2-92EC15E8461D}.Debug|Any CPU.ActiveCfg = Debug|Any CPU
		{BBF48878-9BC7-4936-84B2-92EC15E8461D}.Debug|Any CPU.Build.0 = Debug|Any CPU
		{BBF48878-9BC7-4936-84B2-92EC15E8461D}.Debug|x86.ActiveCfg = Debug|x86
		{BBF48878-9BC7-4936-84B2-92EC15E8461D}.Debug|x86.Build.0 = Debug|x86
		{BBF48878-9BC7-4936-84B2-92EC15E8461D}.DVD-5|Any CPU.ActiveCfg = Debug|Any CPU
		{BBF48878-9BC7-4936-84B2-92EC15E8461D}.DVD-5|Any CPU.Build.0 = Debug|Any CPU
		{BBF48878-9BC7-4936-84B2-92EC15E8461D}.DVD-5|x86.ActiveCfg = Debug|Any CPU
		{BBF48878-9BC7-4936-84B2-92EC15E8461D}.Release|Any CPU.ActiveCfg = Release|Any CPU
		{BBF48878-9BC7-4936-84B2-92EC15E8461D}.Release|Any CPU.Build.0 = Release|Any CPU
		{BBF48878-9BC7-4936-84B2-92EC15E8461D}.Release|x86.ActiveCfg = Release|x86
		{BBF48878-9BC7-4936-84B2-92EC15E8461D}.Release|x86.Build.0 = Release|x86
		{BBF48878-9BC7-4936-84B2-92EC15E8461D}.SingleImage|Any CPU.ActiveCfg = Release|Any CPU
		{BBF48878-9BC7-4936-84B2-92EC15E8461D}.SingleImage|Any CPU.Build.0 = Release|Any CPU
		{BBF48878-9BC7-4936-84B2-92EC15E8461D}.SingleImage|x86.ActiveCfg = Release|Any CPU
		{6CB3BA88-FEBC-4F8B-BFC9-B77AFAF4D287}.CD_ROM|Any CPU.ActiveCfg = Release|x86
		{6CB3BA88-FEBC-4F8B-BFC9-B77AFAF4D287}.CD_ROM|x86.ActiveCfg = Release|x86
		{6CB3BA88-FEBC-4F8B-BFC9-B77AFAF4D287}.CD_ROM|x86.Build.0 = Release|x86
		{6CB3BA88-FEBC-4F8B-BFC9-B77AFAF4D287}.Debug|Any CPU.ActiveCfg = Debug|Any CPU
		{6CB3BA88-FEBC-4F8B-BFC9-B77AFAF4D287}.Debug|Any CPU.Build.0 = Debug|Any CPU
		{6CB3BA88-FEBC-4F8B-BFC9-B77AFAF4D287}.Debug|x86.ActiveCfg = Debug|x86
		{6CB3BA88-FEBC-4F8B-BFC9-B77AFAF4D287}.Debug|x86.Build.0 = Debug|x86
		{6CB3BA88-FEBC-4F8B-BFC9-B77AFAF4D287}.DVD-5|Any CPU.ActiveCfg = Debug|x86
		{6CB3BA88-FEBC-4F8B-BFC9-B77AFAF4D287}.DVD-5|x86.ActiveCfg = Debug|x86
		{6CB3BA88-FEBC-4F8B-BFC9-B77AFAF4D287}.DVD-5|x86.Build.0 = Debug|x86
		{6CB3BA88-FEBC-4F8B-BFC9-B77AFAF4D287}.Release|Any CPU.ActiveCfg = Release|Any CPU
		{6CB3BA88-FEBC-4F8B-BFC9-B77AFAF4D287}.Release|Any CPU.Build.0 = Release|Any CPU
		{6CB3BA88-FEBC-4F8B-BFC9-B77AFAF4D287}.Release|x86.ActiveCfg = Release|Any CPU
		{6CB3BA88-FEBC-4F8B-BFC9-B77AFAF4D287}.SingleImage|Any CPU.ActiveCfg = Release|x86
		{6CB3BA88-FEBC-4F8B-BFC9-B77AFAF4D287}.SingleImage|x86.ActiveCfg = Release|x86
		{6CB3BA88-FEBC-4F8B-BFC9-B77AFAF4D287}.SingleImage|x86.Build.0 = Release|x86
		{A16C701F-5734-42A1-AEAF-6980D1F57F82}.CD_ROM|Any CPU.ActiveCfg = Release|x86
		{A16C701F-5734-42A1-AEAF-6980D1F57F82}.CD_ROM|x86.ActiveCfg = Release|x86
		{A16C701F-5734-42A1-AEAF-6980D1F57F82}.CD_ROM|x86.Build.0 = Release|x86
		{A16C701F-5734-42A1-AEAF-6980D1F57F82}.Debug|Any CPU.ActiveCfg = Debug|Any CPU
		{A16C701F-5734-42A1-AEAF-6980D1F57F82}.Debug|Any CPU.Build.0 = Debug|Any CPU
		{A16C701F-5734-42A1-AEAF-6980D1F57F82}.Debug|x86.ActiveCfg = Debug|x86
		{A16C701F-5734-42A1-AEAF-6980D1F57F82}.Debug|x86.Build.0 = Debug|x86
		{A16C701F-5734-42A1-AEAF-6980D1F57F82}.DVD-5|Any CPU.ActiveCfg = Debug|x86
		{A16C701F-5734-42A1-AEAF-6980D1F57F82}.DVD-5|x86.ActiveCfg = Debug|x86
		{A16C701F-5734-42A1-AEAF-6980D1F57F82}.DVD-5|x86.Build.0 = Debug|x86
		{A16C701F-5734-42A1-AEAF-6980D1F57F82}.Release|Any CPU.ActiveCfg = Release|Any CPU
		{A16C701F-5734-42A1-AEAF-6980D1F57F82}.Release|Any CPU.Build.0 = Release|Any CPU
		{A16C701F-5734-42A1-AEAF-6980D1F57F82}.Release|x86.ActiveCfg = Release|Any CPU
		{A16C701F-5734-42A1-AEAF-6980D1F57F82}.SingleImage|Any CPU.ActiveCfg = Release|x86
		{A16C701F-5734-42A1-AEAF-6980D1F57F82}.SingleImage|x86.ActiveCfg = Release|x86
		{A16C701F-5734-42A1-AEAF-6980D1F57F82}.SingleImage|x86.Build.0 = Release|x86
		{656F4C69-6791-4BB8-AA2E-3AA4ACCF27BD}.CD_ROM|Any CPU.ActiveCfg = Release|x86
		{656F4C69-6791-4BB8-AA2E-3AA4ACCF27BD}.CD_ROM|x86.ActiveCfg = Release|x86
		{656F4C69-6791-4BB8-AA2E-3AA4ACCF27BD}.CD_ROM|x86.Build.0 = Release|x86
		{656F4C69-6791-4BB8-AA2E-3AA4ACCF27BD}.Debug|Any CPU.ActiveCfg = Debug|Any CPU
		{656F4C69-6791-4BB8-AA2E-3AA4ACCF27BD}.Debug|Any CPU.Build.0 = Debug|Any CPU
		{656F4C69-6791-4BB8-AA2E-3AA4ACCF27BD}.Debug|x86.ActiveCfg = Debug|x86
		{656F4C69-6791-4BB8-AA2E-3AA4ACCF27BD}.Debug|x86.Build.0 = Debug|x86
		{656F4C69-6791-4BB8-AA2E-3AA4ACCF27BD}.DVD-5|Any CPU.ActiveCfg = Debug|x86
		{656F4C69-6791-4BB8-AA2E-3AA4ACCF27BD}.DVD-5|x86.ActiveCfg = Debug|x86
		{656F4C69-6791-4BB8-AA2E-3AA4ACCF27BD}.DVD-5|x86.Build.0 = Debug|x86
		{656F4C69-6791-4BB8-AA2E-3AA4ACCF27BD}.Release|Any CPU.ActiveCfg = Release|Any CPU
		{656F4C69-6791-4BB8-AA2E-3AA4ACCF27BD}.Release|Any CPU.Build.0 = Release|Any CPU
		{656F4C69-6791-4BB8-AA2E-3AA4ACCF27BD}.Release|x86.ActiveCfg = Release|Any CPU
		{656F4C69-6791-4BB8-AA2E-3AA4ACCF27BD}.SingleImage|Any CPU.ActiveCfg = Release|x86
		{656F4C69-6791-4BB8-AA2E-3AA4ACCF27BD}.SingleImage|x86.ActiveCfg = Release|x86
		{656F4C69-6791-4BB8-AA2E-3AA4ACCF27BD}.SingleImage|x86.Build.0 = Release|x86
		{526532DB-4B1C-48BF-9CFE-2CC7C250CEC6}.CD_ROM|Any CPU.ActiveCfg = Release|x86
		{526532DB-4B1C-48BF-9CFE-2CC7C250CEC6}.CD_ROM|x86.ActiveCfg = Release|x86
		{526532DB-4B1C-48BF-9CFE-2CC7C250CEC6}.CD_ROM|x86.Build.0 = Release|x86
		{526532DB-4B1C-48BF-9CFE-2CC7C250CEC6}.Debug|Any CPU.ActiveCfg = Debug|Any CPU
		{526532DB-4B1C-48BF-9CFE-2CC7C250CEC6}.Debug|Any CPU.Build.0 = Debug|Any CPU
		{526532DB-4B1C-48BF-9CFE-2CC7C250CEC6}.Debug|x86.ActiveCfg = Debug|x86
		{526532DB-4B1C-48BF-9CFE-2CC7C250CEC6}.Debug|x86.Build.0 = Debug|x86
		{526532DB-4B1C-48BF-9CFE-2CC7C250CEC6}.DVD-5|Any CPU.ActiveCfg = Debug|x86
		{526532DB-4B1C-48BF-9CFE-2CC7C250CEC6}.DVD-5|x86.ActiveCfg = Debug|x86
		{526532DB-4B1C-48BF-9CFE-2CC7C250CEC6}.DVD-5|x86.Build.0 = Debug|x86
		{526532DB-4B1C-48BF-9CFE-2CC7C250CEC6}.Release|Any CPU.ActiveCfg = Release|Any CPU
		{526532DB-4B1C-48BF-9CFE-2CC7C250CEC6}.Release|Any CPU.Build.0 = Release|Any CPU
		{526532DB-4B1C-48BF-9CFE-2CC7C250CEC6}.Release|x86.ActiveCfg = Release|Any CPU
		{526532DB-4B1C-48BF-9CFE-2CC7C250CEC6}.SingleImage|Any CPU.ActiveCfg = Release|x86
		{526532DB-4B1C-48BF-9CFE-2CC7C250CEC6}.SingleImage|x86.ActiveCfg = Release|x86
		{526532DB-4B1C-48BF-9CFE-2CC7C250CEC6}.SingleImage|x86.Build.0 = Release|x86
		{7AD6DA61-7C08-4B55-B606-8B19FDB5F62D}.CD_ROM|Any CPU.ActiveCfg = Release|x86
		{7AD6DA61-7C08-4B55-B606-8B19FDB5F62D}.CD_ROM|x86.ActiveCfg = Release|x86
		{7AD6DA61-7C08-4B55-B606-8B19FDB5F62D}.CD_ROM|x86.Build.0 = Release|x86
		{7AD6DA61-7C08-4B55-B606-8B19FDB5F62D}.Debug|Any CPU.ActiveCfg = Debug|Any CPU
		{7AD6DA61-7C08-4B55-B606-8B19FDB5F62D}.Debug|Any CPU.Build.0 = Debug|Any CPU
		{7AD6DA61-7C08-4B55-B606-8B19FDB5F62D}.Debug|x86.ActiveCfg = Debug|x86
		{7AD6DA61-7C08-4B55-B606-8B19FDB5F62D}.Debug|x86.Build.0 = Debug|x86
		{7AD6DA61-7C08-4B55-B606-8B19FDB5F62D}.DVD-5|Any CPU.ActiveCfg = Debug|x86
		{7AD6DA61-7C08-4B55-B606-8B19FDB5F62D}.DVD-5|x86.ActiveCfg = Debug|x86
		{7AD6DA61-7C08-4B55-B606-8B19FDB5F62D}.DVD-5|x86.Build.0 = Debug|x86
		{7AD6DA61-7C08-4B55-B606-8B19FDB5F62D}.Release|Any CPU.ActiveCfg = Release|Any CPU
		{7AD6DA61-7C08-4B55-B606-8B19FDB5F62D}.Release|Any CPU.Build.0 = Release|Any CPU
		{7AD6DA61-7C08-4B55-B606-8B19FDB5F62D}.Release|x86.ActiveCfg = Release|Any CPU
		{7AD6DA61-7C08-4B55-B606-8B19FDB5F62D}.SingleImage|Any CPU.ActiveCfg = Release|x86
		{7AD6DA61-7C08-4B55-B606-8B19FDB5F62D}.SingleImage|x86.ActiveCfg = Release|x86
		{7AD6DA61-7C08-4B55-B606-8B19FDB5F62D}.SingleImage|x86.Build.0 = Release|x86
		{1B67DFF9-9CB7-4E3F-992C-ACCAC34A1FD3}.CD_ROM|Any CPU.ActiveCfg = Release|x86
		{1B67DFF9-9CB7-4E3F-992C-ACCAC34A1FD3}.CD_ROM|x86.ActiveCfg = Release|x86
		{1B67DFF9-9CB7-4E3F-992C-ACCAC34A1FD3}.CD_ROM|x86.Build.0 = Release|x86
		{1B67DFF9-9CB7-4E3F-992C-ACCAC34A1FD3}.Debug|Any CPU.ActiveCfg = Debug|Any CPU
		{1B67DFF9-9CB7-4E3F-992C-ACCAC34A1FD3}.Debug|Any CPU.Build.0 = Debug|Any CPU
		{1B67DFF9-9CB7-4E3F-992C-ACCAC34A1FD3}.Debug|x86.ActiveCfg = Debug|x86
		{1B67DFF9-9CB7-4E3F-992C-ACCAC34A1FD3}.Debug|x86.Build.0 = Debug|x86
		{1B67DFF9-9CB7-4E3F-992C-ACCAC34A1FD3}.DVD-5|Any CPU.ActiveCfg = Debug|x86
		{1B67DFF9-9CB7-4E3F-992C-ACCAC34A1FD3}.DVD-5|x86.ActiveCfg = Debug|x86
		{1B67DFF9-9CB7-4E3F-992C-ACCAC34A1FD3}.DVD-5|x86.Build.0 = Debug|x86
		{1B67DFF9-9CB7-4E3F-992C-ACCAC34A1FD3}.Release|Any CPU.ActiveCfg = Release|Any CPU
		{1B67DFF9-9CB7-4E3F-992C-ACCAC34A1FD3}.Release|Any CPU.Build.0 = Release|Any CPU
		{1B67DFF9-9CB7-4E3F-992C-ACCAC34A1FD3}.Release|x86.ActiveCfg = Release|Any CPU
		{1B67DFF9-9CB7-4E3F-992C-ACCAC34A1FD3}.SingleImage|Any CPU.ActiveCfg = Release|x86
		{1B67DFF9-9CB7-4E3F-992C-ACCAC34A1FD3}.SingleImage|x86.ActiveCfg = Release|x86
		{1B67DFF9-9CB7-4E3F-992C-ACCAC34A1FD3}.SingleImage|x86.Build.0 = Release|x86
		{2A5A13F1-3400-47DB-B664-708663DACE97}.CD_ROM|Any CPU.ActiveCfg = Release|Any CPU
		{2A5A13F1-3400-47DB-B664-708663DACE97}.CD_ROM|Any CPU.Build.0 = Release|Any CPU
		{2A5A13F1-3400-47DB-B664-708663DACE97}.CD_ROM|x86.ActiveCfg = Release|Any CPU
		{2A5A13F1-3400-47DB-B664-708663DACE97}.Debug|Any CPU.ActiveCfg = Debug|Any CPU
		{2A5A13F1-3400-47DB-B664-708663DACE97}.Debug|Any CPU.Build.0 = Debug|Any CPU
		{2A5A13F1-3400-47DB-B664-708663DACE97}.Debug|x86.ActiveCfg = Debug|x86
		{2A5A13F1-3400-47DB-B664-708663DACE97}.Debug|x86.Build.0 = Debug|x86
		{2A5A13F1-3400-47DB-B664-708663DACE97}.DVD-5|Any CPU.ActiveCfg = Debug|Any CPU
		{2A5A13F1-3400-47DB-B664-708663DACE97}.DVD-5|Any CPU.Build.0 = Debug|Any CPU
		{2A5A13F1-3400-47DB-B664-708663DACE97}.DVD-5|x86.ActiveCfg = Debug|Any CPU
		{2A5A13F1-3400-47DB-B664-708663DACE97}.Release|Any CPU.ActiveCfg = Release|Any CPU
		{2A5A13F1-3400-47DB-B664-708663DACE97}.Release|Any CPU.Build.0 = Release|Any CPU
		{2A5A13F1-3400-47DB-B664-708663DACE97}.Release|x86.ActiveCfg = Release|x86
		{2A5A13F1-3400-47DB-B664-708663DACE97}.Release|x86.Build.0 = Release|x86
		{2A5A13F1-3400-47DB-B664-708663DACE97}.SingleImage|Any CPU.ActiveCfg = Release|Any CPU
		{2A5A13F1-3400-47DB-B664-708663DACE97}.SingleImage|Any CPU.Build.0 = Release|Any CPU
		{2A5A13F1-3400-47DB-B664-708663DACE97}.SingleImage|x86.ActiveCfg = Release|Any CPU
		{62C1E76E-82E8-419B-A73F-5D4348BC25CE}.CD_ROM|Any CPU.ActiveCfg = Release|Any CPU
		{62C1E76E-82E8-419B-A73F-5D4348BC25CE}.CD_ROM|Any CPU.Build.0 = Release|Any CPU
		{62C1E76E-82E8-419B-A73F-5D4348BC25CE}.CD_ROM|x86.ActiveCfg = Release|Any CPU
		{62C1E76E-82E8-419B-A73F-5D4348BC25CE}.Debug|Any CPU.ActiveCfg = Debug|Any CPU
		{62C1E76E-82E8-419B-A73F-5D4348BC25CE}.Debug|Any CPU.Build.0 = Debug|Any CPU
		{62C1E76E-82E8-419B-A73F-5D4348BC25CE}.Debug|x86.ActiveCfg = Debug|Any CPU
		{62C1E76E-82E8-419B-A73F-5D4348BC25CE}.DVD-5|Any CPU.ActiveCfg = Debug|Any CPU
		{62C1E76E-82E8-419B-A73F-5D4348BC25CE}.DVD-5|Any CPU.Build.0 = Debug|Any CPU
		{62C1E76E-82E8-419B-A73F-5D4348BC25CE}.DVD-5|x86.ActiveCfg = Debug|Any CPU
		{62C1E76E-82E8-419B-A73F-5D4348BC25CE}.Release|Any CPU.ActiveCfg = Release|Any CPU
		{62C1E76E-82E8-419B-A73F-5D4348BC25CE}.Release|Any CPU.Build.0 = Release|Any CPU
		{62C1E76E-82E8-419B-A73F-5D4348BC25CE}.Release|x86.ActiveCfg = Release|Any CPU
		{62C1E76E-82E8-419B-A73F-5D4348BC25CE}.SingleImage|Any CPU.ActiveCfg = Release|Any CPU
		{62C1E76E-82E8-419B-A73F-5D4348BC25CE}.SingleImage|Any CPU.Build.0 = Release|Any CPU
		{62C1E76E-82E8-419B-A73F-5D4348BC25CE}.SingleImage|x86.ActiveCfg = Release|Any CPU
		{1BC89367-4EC9-481D-B542-7050700C5588}.CD_ROM|Any CPU.ActiveCfg = Release|Any CPU
		{1BC89367-4EC9-481D-B542-7050700C5588}.CD_ROM|Any CPU.Build.0 = Release|Any CPU
		{1BC89367-4EC9-481D-B542-7050700C5588}.CD_ROM|x86.ActiveCfg = Release|Any CPU
		{1BC89367-4EC9-481D-B542-7050700C5588}.Debug|Any CPU.ActiveCfg = Debug|Any CPU
		{1BC89367-4EC9-481D-B542-7050700C5588}.Debug|Any CPU.Build.0 = Debug|Any CPU
		{1BC89367-4EC9-481D-B542-7050700C5588}.Debug|x86.ActiveCfg = Debug|Any CPU
		{1BC89367-4EC9-481D-B542-7050700C5588}.DVD-5|Any CPU.ActiveCfg = Debug|Any CPU
		{1BC89367-4EC9-481D-B542-7050700C5588}.DVD-5|Any CPU.Build.0 = Debug|Any CPU
		{1BC89367-4EC9-481D-B542-7050700C5588}.DVD-5|x86.ActiveCfg = Debug|Any CPU
		{1BC89367-4EC9-481D-B542-7050700C5588}.Release|Any CPU.ActiveCfg = Release|Any CPU
		{1BC89367-4EC9-481D-B542-7050700C5588}.Release|Any CPU.Build.0 = Release|Any CPU
		{1BC89367-4EC9-481D-B542-7050700C5588}.Release|x86.ActiveCfg = Release|Any CPU
		{1BC89367-4EC9-481D-B542-7050700C5588}.SingleImage|Any CPU.ActiveCfg = Release|Any CPU
		{1BC89367-4EC9-481D-B542-7050700C5588}.SingleImage|Any CPU.Build.0 = Release|Any CPU
		{1BC89367-4EC9-481D-B542-7050700C5588}.SingleImage|x86.ActiveCfg = Release|Any CPU
		{8D94F958-7D6E-441F-AE75-6BEE4A8EAC40}.CD_ROM|Any CPU.ActiveCfg = CD_ROM
		{8D94F958-7D6E-441F-AE75-6BEE4A8EAC40}.CD_ROM|Any CPU.Build.0 = CD_ROM
		{8D94F958-7D6E-441F-AE75-6BEE4A8EAC40}.CD_ROM|x86.ActiveCfg = CD_ROM
		{8D94F958-7D6E-441F-AE75-6BEE4A8EAC40}.CD_ROM|x86.Build.0 = CD_ROM
		{8D94F958-7D6E-441F-AE75-6BEE4A8EAC40}.Debug|Any CPU.ActiveCfg = DVD-5
		{8D94F958-7D6E-441F-AE75-6BEE4A8EAC40}.Debug|Any CPU.Build.0 = DVD-5
		{8D94F958-7D6E-441F-AE75-6BEE4A8EAC40}.Debug|x86.ActiveCfg = DVD-5
		{8D94F958-7D6E-441F-AE75-6BEE4A8EAC40}.Debug|x86.Build.0 = DVD-5
		{8D94F958-7D6E-441F-AE75-6BEE4A8EAC40}.DVD-5|Any CPU.ActiveCfg = DVD-5
		{8D94F958-7D6E-441F-AE75-6BEE4A8EAC40}.DVD-5|Any CPU.Build.0 = DVD-5
		{8D94F958-7D6E-441F-AE75-6BEE4A8EAC40}.DVD-5|x86.ActiveCfg = DVD-5
		{8D94F958-7D6E-441F-AE75-6BEE4A8EAC40}.DVD-5|x86.Build.0 = DVD-5
		{8D94F958-7D6E-441F-AE75-6BEE4A8EAC40}.Release|Any CPU.ActiveCfg = SingleImage
		{8D94F958-7D6E-441F-AE75-6BEE4A8EAC40}.Release|Any CPU.Build.0 = SingleImage
		{8D94F958-7D6E-441F-AE75-6BEE4A8EAC40}.Release|x86.ActiveCfg = SingleImage
		{8D94F958-7D6E-441F-AE75-6BEE4A8EAC40}.Release|x86.Build.0 = SingleImage
		{8D94F958-7D6E-441F-AE75-6BEE4A8EAC40}.SingleImage|Any CPU.ActiveCfg = SingleImage
		{8D94F958-7D6E-441F-AE75-6BEE4A8EAC40}.SingleImage|Any CPU.Build.0 = SingleImage
		{8D94F958-7D6E-441F-AE75-6BEE4A8EAC40}.SingleImage|x86.ActiveCfg = SingleImage
		{8D94F958-7D6E-441F-AE75-6BEE4A8EAC40}.SingleImage|x86.Build.0 = SingleImage
	EndGlobalSection
	GlobalSection(SolutionProperties) = preSolution
		HideSolutionNode = FALSE
	EndGlobalSection
EndGlobal
